
Microsoft Visual Studio Solution File, Format Version 12.00
# Visual Studio 15
VisualStudioVersion = 15.0.28307.168
MinimumVisualStudioVersion = 10.0.40219.1
Project("{FAE04EC0-301F-11D3-BF4B-00C04F79EFBC}") = "Exercicio6_pag20_34", "Exercicio6_pag20_34\Exercicio6_pag20_34.csproj", "{B6ED1E6B-6E77-4D84-985C-F857FB1F312F}"
EndProject
Global
	GlobalSection(SolutionConfigurationPlatforms) = preSolution
		Debug|Any CPU = Debug|Any CPU
		Release|Any CPU = Release|Any CPU
	EndGlobalSection
	GlobalSection(ProjectConfigurationPlatforms) = postSolution
		{B6ED1E6B-6E77-4D84-985C-F857FB1F312F}.Debug|Any CPU.ActiveCfg = Debug|Any CPU
		{B6ED1E6B-6E77-4D84-985C-F857FB1F312F}.Debug|Any CPU.Build.0 = Debug|Any CPU
		{B6ED1E6B-6E77-4D84-985C-F857FB1F312F}.Release|Any CPU.ActiveCfg = Release|Any CPU
		{B6ED1E6B-6E77-4D84-985C-F857FB1F312F}.Release|Any CPU.Build.0 = Release|Any CPU
	EndGlobalSection
	GlobalSection(SolutionProperties) = preSolution
		HideSolutionNode = FALSE
	EndGlobalSection
	GlobalSection(ExtensibilityGlobals) = postSolution
		SolutionGuid = {A47ACB95-5A4B-43C5-B664-ECE34EED2B32}
	EndGlobalSection
EndGlobal
