
Microsoft Visual Studio Solution File, Format Version 12.00
# Visual Studio 15
VisualStudioVersion = 15.0.28307.168
MinimumVisualStudioVersion = 10.0.40219.1
Project("{FAE04EC0-301F-11D3-BF4B-00C04F79EFBC}") = "Atividade6_AA_34", "Atividade6_AA_34\Atividade6_AA_34.csproj", "{A1CCFA19-D4D6-44DC-8CD5-BA252EF97890}"
EndProject
Global
	GlobalSection(SolutionConfigurationPlatforms) = preSolution
		Debug|Any CPU = Debug|Any CPU
		Release|Any CPU = Release|Any CPU
	EndGlobalSection
	GlobalSection(ProjectConfigurationPlatforms) = postSolution
		{A1CCFA19-D4D6-44DC-8CD5-BA252EF97890}.Debug|Any CPU.ActiveCfg = Debug|Any CPU
		{A1CCFA19-D4D6-44DC-8CD5-BA252EF97890}.Debug|Any CPU.Build.0 = Debug|Any CPU
		{A1CCFA19-D4D6-44DC-8CD5-BA252EF97890}.Release|Any CPU.ActiveCfg = Release|Any CPU
		{A1CCFA19-D4D6-44DC-8CD5-BA252EF97890}.Release|Any CPU.Build.0 = Release|Any CPU
	EndGlobalSection
	GlobalSection(SolutionProperties) = preSolution
		HideSolutionNode = FALSE
	EndGlobalSection
	GlobalSection(ExtensibilityGlobals) = postSolution
		SolutionGuid = {E6AE1894-1A14-4990-BFB5-A190E6E7B873}
	EndGlobalSection
EndGlobal
