
Microsoft Visual Studio Solution File, Format Version 12.00
# Visual Studio 15
VisualStudioVersion = 15.0.28307.168
MinimumVisualStudioVersion = 10.0.40219.1
Project("{FAE04EC0-301F-11D3-BF4B-00C04F79EFBC}") = "Atividade10_AA_34", "Atividade10_AA_34\Atividade10_AA_34.csproj", "{A6B451C7-4021-4FCC-BEF1-B03A50677830}"
EndProject
Global
	GlobalSection(SolutionConfigurationPlatforms) = preSolution
		Debug|Any CPU = Debug|Any CPU
		Release|Any CPU = Release|Any CPU
	EndGlobalSection
	GlobalSection(ProjectConfigurationPlatforms) = postSolution
		{A6B451C7-4021-4FCC-BEF1-B03A50677830}.Debug|Any CPU.ActiveCfg = Debug|Any CPU
		{A6B451C7-4021-4FCC-BEF1-B03A50677830}.Debug|Any CPU.Build.0 = Debug|Any CPU
		{A6B451C7-4021-4FCC-BEF1-B03A50677830}.Release|Any CPU.ActiveCfg = Release|Any CPU
		{A6B451C7-4021-4FCC-BEF1-B03A50677830}.Release|Any CPU.Build.0 = Release|Any CPU
	EndGlobalSection
	GlobalSection(SolutionProperties) = preSolution
		HideSolutionNode = FALSE
	EndGlobalSection
	GlobalSection(ExtensibilityGlobals) = postSolution
		SolutionGuid = {12A6F1BE-6C9C-4A06-B6B2-460B773BF2E6}
	EndGlobalSection
EndGlobal
