
Microsoft Visual Studio Solution File, Format Version 12.00
# Visual Studio 15
VisualStudioVersion = 15.0.28307.168
MinimumVisualStudioVersion = 10.0.40219.1
Project("{FAE04EC0-301F-11D3-BF4B-00C04F79EFBC}") = "while1_34", "while1_34\while1_34.csproj", "{586B9584-E13C-4D86-AA9D-5BF55FE3A75E}"
EndProject
Global
	GlobalSection(SolutionConfigurationPlatforms) = preSolution
		Debug|Any CPU = Debug|Any CPU
		Release|Any CPU = Release|Any CPU
	EndGlobalSection
	GlobalSection(ProjectConfigurationPlatforms) = postSolution
		{586B9584-E13C-4D86-AA9D-5BF55FE3A75E}.Debug|Any CPU.ActiveCfg = Debug|Any CPU
		{586B9584-E13C-4D86-AA9D-5BF55FE3A75E}.Debug|Any CPU.Build.0 = Debug|Any CPU
		{586B9584-E13C-4D86-AA9D-5BF55FE3A75E}.Release|Any CPU.ActiveCfg = Release|Any CPU
		{586B9584-E13C-4D86-AA9D-5BF55FE3A75E}.Release|Any CPU.Build.0 = Release|Any CPU
	EndGlobalSection
	GlobalSection(SolutionProperties) = preSolution
		HideSolutionNode = FALSE
	EndGlobalSection
	GlobalSection(ExtensibilityGlobals) = postSolution
		SolutionGuid = {95B7CA23-1414-4F17-9C19-031480065557}
	EndGlobalSection
EndGlobal
