
Microsoft Visual Studio Solution File, Format Version 12.00
# Visual Studio 15
VisualStudioVersion = 15.0.28307.168
MinimumVisualStudioVersion = 10.0.40219.1
Project("{FAE04EC0-301F-11D3-BF4B-00C04F79EFBC}") = "While3_34", "While3_34\While3_34.csproj", "{FAF983CB-181E-4354-878C-40F774707AF2}"
EndProject
Global
	GlobalSection(SolutionConfigurationPlatforms) = preSolution
		Debug|Any CPU = Debug|Any CPU
		Release|Any CPU = Release|Any CPU
	EndGlobalSection
	GlobalSection(ProjectConfigurationPlatforms) = postSolution
		{FAF983CB-181E-4354-878C-40F774707AF2}.Debug|Any CPU.ActiveCfg = Debug|Any CPU
		{FAF983CB-181E-4354-878C-40F774707AF2}.Debug|Any CPU.Build.0 = Debug|Any CPU
		{FAF983CB-181E-4354-878C-40F774707AF2}.Release|Any CPU.ActiveCfg = Release|Any CPU
		{FAF983CB-181E-4354-878C-40F774707AF2}.Release|Any CPU.Build.0 = Release|Any CPU
	EndGlobalSection
	GlobalSection(SolutionProperties) = preSolution
		HideSolutionNode = FALSE
	EndGlobalSection
	GlobalSection(ExtensibilityGlobals) = postSolution
		SolutionGuid = {56F9E3EF-A206-4E5D-8EC5-2FA6D31C8DBE}
	EndGlobalSection
EndGlobal
