
Microsoft Visual Studio Solution File, Format Version 12.00
# Visual Studio 15
VisualStudioVersion = 15.0.28307.168
MinimumVisualStudioVersion = 10.0.40219.1
Project("{FAE04EC0-301F-11D3-BF4B-00C04F79EFBC}") = "Layout_34", "Layout_34\Layout_34.csproj", "{B4C03158-C3AD-424A-A0CD-D6AB823376EB}"
EndProject
Global
	GlobalSection(SolutionConfigurationPlatforms) = preSolution
		Debug|Any CPU = Debug|Any CPU
		Release|Any CPU = Release|Any CPU
	EndGlobalSection
	GlobalSection(ProjectConfigurationPlatforms) = postSolution
		{B4C03158-C3AD-424A-A0CD-D6AB823376EB}.Debug|Any CPU.ActiveCfg = Debug|Any CPU
		{B4C03158-C3AD-424A-A0CD-D6AB823376EB}.Debug|Any CPU.Build.0 = Debug|Any CPU
		{B4C03158-C3AD-424A-A0CD-D6AB823376EB}.Release|Any CPU.ActiveCfg = Release|Any CPU
		{B4C03158-C3AD-424A-A0CD-D6AB823376EB}.Release|Any CPU.Build.0 = Release|Any CPU
	EndGlobalSection
	GlobalSection(SolutionProperties) = preSolution
		HideSolutionNode = FALSE
	EndGlobalSection
	GlobalSection(ExtensibilityGlobals) = postSolution
		SolutionGuid = {4784A712-7BE0-444A-9115-8B5C9ACC7A64}
	EndGlobalSection
EndGlobal
