
Microsoft Visual Studio Solution File, Format Version 12.00
# Visual Studio 15
VisualStudioVersion = 15.0.28307.168
MinimumVisualStudioVersion = 10.0.40219.1
Project("{FAE04EC0-301F-11D3-BF4B-00C04F79EFBC}") = "While2_34", "While2_34\While2_34.csproj", "{EC8A4106-0ED5-4EDA-A748-7CF818600CEA}"
EndProject
Global
	GlobalSection(SolutionConfigurationPlatforms) = preSolution
		Debug|Any CPU = Debug|Any CPU
		Release|Any CPU = Release|Any CPU
	EndGlobalSection
	GlobalSection(ProjectConfigurationPlatforms) = postSolution
		{EC8A4106-0ED5-4EDA-A748-7CF818600CEA}.Debug|Any CPU.ActiveCfg = Debug|Any CPU
		{EC8A4106-0ED5-4EDA-A748-7CF818600CEA}.Debug|Any CPU.Build.0 = Debug|Any CPU
		{EC8A4106-0ED5-4EDA-A748-7CF818600CEA}.Release|Any CPU.ActiveCfg = Release|Any CPU
		{EC8A4106-0ED5-4EDA-A748-7CF818600CEA}.Release|Any CPU.Build.0 = Release|Any CPU
	EndGlobalSection
	GlobalSection(SolutionProperties) = preSolution
		HideSolutionNode = FALSE
	EndGlobalSection
	GlobalSection(ExtensibilityGlobals) = postSolution
		SolutionGuid = {C4F18AEE-73B5-44BC-A244-0DEBA09E9711}
	EndGlobalSection
EndGlobal
