
Microsoft Visual Studio Solution File, Format Version 12.00
# Visual Studio 15
VisualStudioVersion = 15.0.28307.168
MinimumVisualStudioVersion = 10.0.40219.1
Project("{FAE04EC0-301F-11D3-BF4B-00C04F79EFBC}") = "AtividadeWhile_34", "AtividadeWhile_34\AtividadeWhile_34.csproj", "{05D48F8D-BA56-4EF8-B5AE-D0EEAB74195F}"
EndProject
Global
	GlobalSection(SolutionConfigurationPlatforms) = preSolution
		Debug|Any CPU = Debug|Any CPU
		Release|Any CPU = Release|Any CPU
	EndGlobalSection
	GlobalSection(ProjectConfigurationPlatforms) = postSolution
		{05D48F8D-BA56-4EF8-B5AE-D0EEAB74195F}.Debug|Any CPU.ActiveCfg = Debug|Any CPU
		{05D48F8D-BA56-4EF8-B5AE-D0EEAB74195F}.Debug|Any CPU.Build.0 = Debug|Any CPU
		{05D48F8D-BA56-4EF8-B5AE-D0EEAB74195F}.Release|Any CPU.ActiveCfg = Release|Any CPU
		{05D48F8D-BA56-4EF8-B5AE-D0EEAB74195F}.Release|Any CPU.Build.0 = Release|Any CPU
	EndGlobalSection
	GlobalSection(SolutionProperties) = preSolution
		HideSolutionNode = FALSE
	EndGlobalSection
	GlobalSection(ExtensibilityGlobals) = postSolution
		SolutionGuid = {40558518-BB8C-45D4-8628-6DFCD851F83B}
	EndGlobalSection
EndGlobal
